
Microsoft Visual Studio Solution File, Format Version 11.00
# Visual Studio 2010
Project("{FAE04EC0-301F-11D3-BF4B-00C04F79EFBC}") = "Assembly-CSharp", "Assembly-CSharp.csproj", "{3fd93061-0df9-6790-7cf9-5c55180c0d47}"
EndProject
Project("{FAE04EC0-301F-11D3-BF4B-00C04F79EFBC}") = "Assembly-CSharp-firstpass", "Assembly-CSharp-firstpass.csproj", "{bffbfcda-05a8-2941-23b6-ad1c7e88df50}"
EndProject
Project("{FAE04EC0-301F-11D3-BF4B-00C04F79EFBC}") = "Assembly-CSharp-Editor-firstpass", "Assembly-CSharp-Editor-firstpass.csproj", "{ebdbed62-6d4d-44be-4a72-a736c771aa7a}"
EndProject
Project("{FAE04EC0-301F-11D3-BF4B-00C04F79EFBC}") = "Assembly-CSharp-Editor", "Assembly-CSharp-Editor.csproj", "{75d3e7cd-91a5-9fdf-0cac-a55f3a61ecd1}"
EndProject
Global
	GlobalSection(SolutionConfigurationPlatforms) = preSolution
		Debug|Any CPU = Debug|Any CPU
	EndGlobalSection
	GlobalSection(ProjectConfigurationPlatforms) = postSolution
		{3fd93061-0df9-6790-7cf9-5c55180c0d47}.Debug|Any CPU.ActiveCfg = Debug|Any CPU
		{3fd93061-0df9-6790-7cf9-5c55180c0d47}.Debug|Any CPU.Build.0 = Debug|Any CPU
		{bffbfcda-05a8-2941-23b6-ad1c7e88df50}.Debug|Any CPU.ActiveCfg = Debug|Any CPU
		{bffbfcda-05a8-2941-23b6-ad1c7e88df50}.Debug|Any CPU.Build.0 = Debug|Any CPU
		{ebdbed62-6d4d-44be-4a72-a736c771aa7a}.Debug|Any CPU.ActiveCfg = Debug|Any CPU
		{ebdbed62-6d4d-44be-4a72-a736c771aa7a}.Debug|Any CPU.Build.0 = Debug|Any CPU
		{75d3e7cd-91a5-9fdf-0cac-a55f3a61ecd1}.Debug|Any CPU.ActiveCfg = Debug|Any CPU
		{75d3e7cd-91a5-9fdf-0cac-a55f3a61ecd1}.Debug|Any CPU.Build.0 = Debug|Any CPU
	EndGlobalSection
	GlobalSection(SolutionProperties) = preSolution
		HideSolutionNode = FALSE
	EndGlobalSection
EndGlobal
